<Solution>
  <Folder Name="/src/">
    <Project Path="src/NewPcSetup.App/NewPcSetup.App.csproj" />
    <Project Path="src/NewPcSetup.Core/NewPcSetup.Core.csproj" />
    <Project Path="src/NewPcSetup.Native/NewPcSetup.Native.csproj" />
    <Project Path="src/NewPcSetup.Tasks/NewPcSetup.Tasks.csproj" />
  </Folder>
  <Folder Name="/tests/">
    <Project Path="tests/NewPcSetup.Core.Tests/NewPcSetup.Core.Tests.csproj" />
  </Folder>
</Solution>
